
Microsoft Visual Studio Solution File, Format Version 12.00
# Visual Studio Express 2012 for Windows Desktop
Project("{FAE04EC0-301F-11D3-BF4B-00C04F79EFBC}") = "XMLFilter_Classes", "XML_Filter_Classes\XMLFilter_Classes.csproj", "{CAE3F62E-A6F3-4A85-9C83-66D1E67D8130}"
EndProject
Global
	GlobalSection(SolutionConfigurationPlatforms) = preSolution
		Debug|Any CPU = Debug|Any CPU
		Release|Any CPU = Release|Any CPU
	EndGlobalSection
	GlobalSection(ProjectConfigurationPlatforms) = postSolution
		{CAE3F62E-A6F3-4A85-9C83-66D1E67D8130}.Debug|Any CPU.ActiveCfg = Debug|Any CPU
		{CAE3F62E-A6F3-4A85-9C83-66D1E67D8130}.Debug|Any CPU.Build.0 = Debug|Any CPU
		{CAE3F62E-A6F3-4A85-9C83-66D1E67D8130}.Release|Any CPU.ActiveCfg = Release|Any CPU
		{CAE3F62E-A6F3-4A85-9C83-66D1E67D8130}.Release|Any CPU.Build.0 = Release|Any CPU
	EndGlobalSection
	GlobalSection(SolutionProperties) = preSolution
		HideSolutionNode = FALSE
	EndGlobalSection
EndGlobal
